// !$*UTF8*$!
{
	archiveVersion = 1;
	classes = {
	};
	objectVersion = 55;
	objects = {

/* Begin PBXBuildFile section */
		57F3D7D5916001B7AA7B073D /* Pods_IntroduceBodyBuilding.framework in Frameworks */ = {isa = PBXBuildFile; fileRef = C7A93F4028C84E0831FB752B /* Pods_IntroduceBodyBuilding.framework */; };
		BC074A7D28AF9E3700EA3D3D /* DetailViewController.swift in Sources */ = {isa = PBXBuildFile; fileRef = BC074A7B28AF9E3700EA3D3D /* DetailViewController.swift */; };
		BC07ED5928F94C330064B82A /* RoutineVCModel.swift in Sources */ = {isa = PBXBuildFile; fileRef = BC07ED5828F94C330064B82A /* RoutineVCModel.swift */; };
		BC07ED5B28F94DCE0064B82A /* RoutineAddViewModel.swift in Sources */ = {isa = PBXBuildFile; fileRef = BC07ED5A28F94DCE0064B82A /* RoutineAddViewModel.swift */; };
		BC123C2728F3269D003AE914 /* WebViewController.swift in Sources */ = {isa = PBXBuildFile; fileRef = BC123C2628F3269D003AE914 /* WebViewController.swift */; };
		BC123C2B28F32786003AE914 /* WebKit.framework in Frameworks */ = {isa = PBXBuildFile; fileRef = BC123C2A28F32786003AE914 /* WebKit.framework */; };
		BC1BDDD028E55A3000238C60 /* MyProgramViewModel.swift in Sources */ = {isa = PBXBuildFile; fileRef = BC1BDDCF28E55A3000238C60 /* MyProgramViewModel.swift */; };
		BC1BDDD228E5A02C00238C60 /* MyProgramViewCell.swift in Sources */ = {isa = PBXBuildFile; fileRef = BC1BDDD128E5A02C00238C60 /* MyProgramViewCell.swift */; };
		BC3B72AB28ED935E00C8F40E /* RoutineViewController.swift in Sources */ = {isa = PBXBuildFile; fileRef = BC3B72AA28ED935E00C8F40E /* RoutineViewController.swift */; };
		BC3B72AF28ED995400C8F40E /* RoutineTableViewCell.swift in Sources */ = {isa = PBXBuildFile; fileRef = BC3B72AE28ED995400C8F40E /* RoutineTableViewCell.swift */; };
		BC3B72B128ED9BF400C8F40E /* RoutineViewModel.swift in Sources */ = {isa = PBXBuildFile; fileRef = BC3B72B028ED9BF400C8F40E /* RoutineViewModel.swift */; };
		BC68A58A28EC57A100D4C02F /* DropCell.swift in Sources */ = {isa = PBXBuildFile; fileRef = BC68A58828EC57A100D4C02F /* DropCell.swift */; };
		BC68A58B28EC57A100D4C02F /* DropCell.xib in Resources */ = {isa = PBXBuildFile; fileRef = BC68A58928EC57A100D4C02F /* DropCell.xib */; };
		BC6A22B528F80AB200D12797 /* RoutineAddViewController.swift in Sources */ = {isa = PBXBuildFile; fileRef = BC6A22B328F80AB200D12797 /* RoutineAddViewController.swift */; };
		BC855BFA28B79F63005C4870 /* CoreData.xcdatamodeld in Sources */ = {isa = PBXBuildFile; fileRef = BC855BF828B79F63005C4870 /* CoreData.xcdatamodeld */; };
		BC855C0028B7B754005C4870 /* MyProgramViewController.swift in Sources */ = {isa = PBXBuildFile; fileRef = BC855BFF28B7B754005C4870 /* MyProgramViewController.swift */; };
		BC9FF497291FD21300426F31 /* FirstExcuteViewModel.swift in Sources */ = {isa = PBXBuildFile; fileRef = BC9FF496291FD21300426F31 /* FirstExcuteViewModel.swift */; };
		BCA5B9FB28AFB7AC00F04AFB /* DetailVCModel.swift in Sources */ = {isa = PBXBuildFile; fileRef = BCA5B9FA28AFB7AC00F04AFB /* DetailVCModel.swift */; };
		BCC0C4B5291B9CD70084069A /* HalfModalPresentationController.swift in Sources */ = {isa = PBXBuildFile; fileRef = BCC0C4B4291B9CD70084069A /* HalfModalPresentationController.swift */; };
		BCC4E05828E2C0680061EAA9 /* DetailViewModel.swift in Sources */ = {isa = PBXBuildFile; fileRef = BCC4E05728E2C0680061EAA9 /* DetailViewModel.swift */; };
		BCCDAC9528AB7DAC004C41BD /* AppDelegate.swift in Sources */ = {isa = PBXBuildFile; fileRef = BCCDAC9428AB7DAC004C41BD /* AppDelegate.swift */; };
		BCCDAC9728AB7DAC004C41BD /* SceneDelegate.swift in Sources */ = {isa = PBXBuildFile; fileRef = BCCDAC9628AB7DAC004C41BD /* SceneDelegate.swift */; };
		BCCDAC9928AB7DAC004C41BD /* MainViewController.swift in Sources */ = {isa = PBXBuildFile; fileRef = BCCDAC9828AB7DAC004C41BD /* MainViewController.swift */; };
		BCCDAC9C28AB7DAC004C41BD /* Main.storyboard in Resources */ = {isa = PBXBuildFile; fileRef = BCCDAC9A28AB7DAC004C41BD /* Main.storyboard */; };
		BCCDAC9E28AB7DAD004C41BD /* Assets.xcassets in Resources */ = {isa = PBXBuildFile; fileRef = BCCDAC9D28AB7DAD004C41BD /* Assets.xcassets */; };
		BCCDACA128AB7DAD004C41BD /* LaunchScreen.storyboard in Resources */ = {isa = PBXBuildFile; fileRef = BCCDAC9F28AB7DAD004C41BD /* LaunchScreen.storyboard */; };
		BCCDACAC28AB7E35004C41BD /* MainTableViewCell.swift in Sources */ = {isa = PBXBuildFile; fileRef = BCCDACAA28AB7E35004C41BD /* MainTableViewCell.swift */; };
		BCCDACAD28AB7E35004C41BD /* MainTVCellModel.swift in Sources */ = {isa = PBXBuildFile; fileRef = BCCDACAB28AB7E35004C41BD /* MainTVCellModel.swift */; };
		BCCDACAF28AB8233004C41BD /* GoogleService-Info.plist in Resources */ = {isa = PBXBuildFile; fileRef = BCCDACAE28AB8233004C41BD /* GoogleService-Info.plist */; };
		BCDC21BC291B619D0002F90B /* FirstExcuteViewController.swift in Sources */ = {isa = PBXBuildFile; fileRef = BCDC21BB291B619D0002F90B /* FirstExcuteViewController.swift */; };
		BCE0480B28EF26DB00F39CCC /* DetailTableViewCell.swift in Sources */ = {isa = PBXBuildFile; fileRef = BCE0480A28EF26DB00F39CCC /* DetailTableViewCell.swift */; };
		BCE9D80528DC0D0E00EA5A95 /* MainTableViewModel.swift in Sources */ = {isa = PBXBuildFile; fileRef = BCE9D80428DC0D0E00EA5A95 /* MainTableViewModel.swift */; };
/* End PBXBuildFile section */

/* Begin PBXFileReference section */
		0C1735A0AD6E2869DD479472 /* Pods-IntroduceBodyBuilding.debug.xcconfig */ = {isa = PBXFileReference; includeInIndex = 1; lastKnownFileType = text.xcconfig; name = "Pods-IntroduceBodyBuilding.debug.xcconfig"; path = "Target Support Files/Pods-IntroduceBodyBuilding/Pods-IntroduceBodyBuilding.debug.xcconfig"; sourceTree = "<group>"; };
		6453FDAAD6B5D3D933EF85CE /* Pods-IntroduceBodyBuilding.release.xcconfig */ = {isa = PBXFileReference; includeInIndex = 1; lastKnownFileType = text.xcconfig; name = "Pods-IntroduceBodyBuilding.release.xcconfig"; path = "Target Support Files/Pods-IntroduceBodyBuilding/Pods-IntroduceBodyBuilding.release.xcconfig"; sourceTree = "<group>"; };
		BC074A7B28AF9E3700EA3D3D /* DetailViewController.swift */ = {isa = PBXFileReference; lastKnownFileType = sourcecode.swift; path = DetailViewController.swift; sourceTree = "<group>"; };
		BC07ED5828F94C330064B82A /* RoutineVCModel.swift */ = {isa = PBXFileReference; lastKnownFileType = sourcecode.swift; path = RoutineVCModel.swift; sourceTree = "<group>"; };
		BC07ED5A28F94DCE0064B82A /* RoutineAddViewModel.swift */ = {isa = PBXFileReference; lastKnownFileType = sourcecode.swift; path = RoutineAddViewModel.swift; sourceTree = "<group>"; };
		BC123C2628F3269D003AE914 /* WebViewController.swift */ = {isa = PBXFileReference; lastKnownFileType = sourcecode.swift; path = WebViewController.swift; sourceTree = "<group>"; };
		BC123C2A28F32786003AE914 /* WebKit.framework */ = {isa = PBXFileReference; lastKnownFileType = wrapper.framework; name = WebKit.framework; path = System/Library/Frameworks/WebKit.framework; sourceTree = SDKROOT; };
		BC1BDDCF28E55A3000238C60 /* MyProgramViewModel.swift */ = {isa = PBXFileReference; lastKnownFileType = sourcecode.swift; path = MyProgramViewModel.swift; sourceTree = "<group>"; };
		BC1BDDD128E5A02C00238C60 /* MyProgramViewCell.swift */ = {isa = PBXFileReference; lastKnownFileType = sourcecode.swift; path = MyProgramViewCell.swift; sourceTree = "<group>"; };
		BC3B72AA28ED935E00C8F40E /* RoutineViewController.swift */ = {isa = PBXFileReference; lastKnownFileType = sourcecode.swift; path = RoutineViewController.swift; sourceTree = "<group>"; };
		BC3B72AE28ED995400C8F40E /* RoutineTableViewCell.swift */ = {isa = PBXFileReference; lastKnownFileType = sourcecode.swift; path = RoutineTableViewCell.swift; sourceTree = "<group>"; };
		BC3B72B028ED9BF400C8F40E /* RoutineViewModel.swift */ = {isa = PBXFileReference; lastKnownFileType = sourcecode.swift; path = RoutineViewModel.swift; sourceTree = "<group>"; };
		BC68A58828EC57A100D4C02F /* DropCell.swift */ = {isa = PBXFileReference; lastKnownFileType = sourcecode.swift; path = DropCell.swift; sourceTree = "<group>"; };
		BC68A58928EC57A100D4C02F /* DropCell.xib */ = {isa = PBXFileReference; lastKnownFileType = file.xib; path = DropCell.xib; sourceTree = "<group>"; };
		BC6A22B328F80AB200D12797 /* RoutineAddViewController.swift */ = {isa = PBXFileReference; lastKnownFileType = sourcecode.swift; path = RoutineAddViewController.swift; sourceTree = "<group>"; };
		BC855BF928B79F63005C4870 /* CoreData.xcdatamodel */ = {isa = PBXFileReference; lastKnownFileType = wrapper.xcdatamodel; path = CoreData.xcdatamodel; sourceTree = "<group>"; };
		BC855BFF28B7B754005C4870 /* MyProgramViewController.swift */ = {isa = PBXFileReference; lastKnownFileType = sourcecode.swift; path = MyProgramViewController.swift; sourceTree = "<group>"; };
		BC9FF496291FD21300426F31 /* FirstExcuteViewModel.swift */ = {isa = PBXFileReference; lastKnownFileType = sourcecode.swift; path = FirstExcuteViewModel.swift; sourceTree = "<group>"; };
		BCA5B9FA28AFB7AC00F04AFB /* DetailVCModel.swift */ = {isa = PBXFileReference; lastKnownFileType = sourcecode.swift; path = DetailVCModel.swift; sourceTree = "<group>"; };
		BCC0C4B4291B9CD70084069A /* HalfModalPresentationController.swift */ = {isa = PBXFileReference; lastKnownFileType = sourcecode.swift; path = HalfModalPresentationController.swift; sourceTree = "<group>"; };
		BCC4E05728E2C0680061EAA9 /* DetailViewModel.swift */ = {isa = PBXFileReference; lastKnownFileType = sourcecode.swift; path = DetailViewModel.swift; sourceTree = "<group>"; };
		BCCDAC9128AB7DAC004C41BD /* IntroduceBodyBuilding.app */ = {isa = PBXFileReference; explicitFileType = wrapper.application; includeInIndex = 0; path = IntroduceBodyBuilding.app; sourceTree = BUILT_PRODUCTS_DIR; };
		BCCDAC9428AB7DAC004C41BD /* AppDelegate.swift */ = {isa = PBXFileReference; lastKnownFileType = sourcecode.swift; path = AppDelegate.swift; sourceTree = "<group>"; };
		BCCDAC9628AB7DAC004C41BD /* SceneDelegate.swift */ = {isa = PBXFileReference; lastKnownFileType = sourcecode.swift; path = SceneDelegate.swift; sourceTree = "<group>"; };
		BCCDAC9828AB7DAC004C41BD /* MainViewController.swift */ = {isa = PBXFileReference; lastKnownFileType = sourcecode.swift; path = MainViewController.swift; sourceTree = "<group>"; };
		BCCDAC9B28AB7DAC004C41BD /* Base */ = {isa = PBXFileReference; lastKnownFileType = file.storyboard; name = Base; path = Base.lproj/Main.storyboard; sourceTree = "<group>"; };
		BCCDAC9D28AB7DAD004C41BD /* Assets.xcassets */ = {isa = PBXFileReference; lastKnownFileType = folder.assetcatalog; path = Assets.xcassets; sourceTree = "<group>"; };
		BCCDACA028AB7DAD004C41BD /* Base */ = {isa = PBXFileReference; lastKnownFileType = file.storyboard; name = Base; path = Base.lproj/LaunchScreen.storyboard; sourceTree = "<group>"; };
		BCCDACA228AB7DAD004C41BD /* Info.plist */ = {isa = PBXFileReference; lastKnownFileType = text.plist.xml; path = Info.plist; sourceTree = "<group>"; };
		BCCDACAA28AB7E35004C41BD /* MainTableViewCell.swift */ = {isa = PBXFileReference; fileEncoding = 4; lastKnownFileType = sourcecode.swift; path = MainTableViewCell.swift; sourceTree = "<group>"; };
		BCCDACAB28AB7E35004C41BD /* MainTVCellModel.swift */ = {isa = PBXFileReference; fileEncoding = 4; lastKnownFileType = sourcecode.swift; path = MainTVCellModel.swift; sourceTree = "<group>"; };
		BCCDACAE28AB8233004C41BD /* GoogleService-Info.plist */ = {isa = PBXFileReference; fileEncoding = 4; lastKnownFileType = text.plist.xml; path = "GoogleService-Info.plist"; sourceTree = "<group>"; };
		BCDC21BB291B619D0002F90B /* FirstExcuteViewController.swift */ = {isa = PBXFileReference; lastKnownFileType = sourcecode.swift; path = FirstExcuteViewController.swift; sourceTree = "<group>"; };
		BCE0480A28EF26DB00F39CCC /* DetailTableViewCell.swift */ = {isa = PBXFileReference; lastKnownFileType = sourcecode.swift; path = DetailTableViewCell.swift; sourceTree = "<group>"; };
		BCE9D80428DC0D0E00EA5A95 /* MainTableViewModel.swift */ = {isa = PBXFileReference; lastKnownFileType = sourcecode.swift; path = MainTableViewModel.swift; sourceTree = "<group>"; };
		C7A93F4028C84E0831FB752B /* Pods_IntroduceBodyBuilding.framework */ = {isa = PBXFileReference; explicitFileType = wrapper.framework; includeInIndex = 0; path = Pods_IntroduceBodyBuilding.framework; sourceTree = BUILT_PRODUCTS_DIR; };
/* End PBXFileReference section */

/* Begin PBXFrameworksBuildPhase section */
		BCCDAC8E28AB7DAC004C41BD /* Frameworks */ = {
			isa = PBXFrameworksBuildPhase;
			buildActionMask = 2147483647;
			files = (
				BC123C2B28F32786003AE914 /* WebKit.framework in Frameworks */,
				57F3D7D5916001B7AA7B073D /* Pods_IntroduceBodyBuilding.framework in Frameworks */,
			);
			runOnlyForDeploymentPostprocessing = 0;
		};
/* End PBXFrameworksBuildPhase section */

/* Begin PBXGroup section */
		502C0681C47A94BDC6F43803 /* Pods */ = {
			isa = PBXGroup;
			children = (
				0C1735A0AD6E2869DD479472 /* Pods-IntroduceBodyBuilding.debug.xcconfig */,
				6453FDAAD6B5D3D933EF85CE /* Pods-IntroduceBodyBuilding.release.xcconfig */,
			);
			path = Pods;
			sourceTree = "<group>";
		};
		AA2893BDB5E4866217D8DF39 /* Frameworks */ = {
			isa = PBXGroup;
			children = (
				BC123C2A28F32786003AE914 /* WebKit.framework */,
				C7A93F4028C84E0831FB752B /* Pods_IntroduceBodyBuilding.framework */,
			);
			name = Frameworks;
			sourceTree = "<group>";
		};
		BC1BDDCC28E5599700238C60 /* ViewControllers */ = {
			isa = PBXGroup;
			children = (
				BCDC21BB291B619D0002F90B /* FirstExcuteViewController.swift */,
				BCCDAC9828AB7DAC004C41BD /* MainViewController.swift */,
				BC074A7B28AF9E3700EA3D3D /* DetailViewController.swift */,
				BC123C2628F3269D003AE914 /* WebViewController.swift */,
				BC855BFF28B7B754005C4870 /* MyProgramViewController.swift */,
				BC3B72AA28ED935E00C8F40E /* RoutineViewController.swift */,
				BC6A22B328F80AB200D12797 /* RoutineAddViewController.swift */,
				BCC0C4B4291B9CD70084069A /* HalfModalPresentationController.swift */,
			);
			path = ViewControllers;
			sourceTree = "<group>";
		};
		BCCDAC8828AB7DAC004C41BD = {
			isa = PBXGroup;
			children = (
				BCCDAC9328AB7DAC004C41BD /* IntroduceBodyBuilding */,
				BCCDAC9228AB7DAC004C41BD /* Products */,
				502C0681C47A94BDC6F43803 /* Pods */,
				AA2893BDB5E4866217D8DF39 /* Frameworks */,
			);
			sourceTree = "<group>";
		};
		BCCDAC9228AB7DAC004C41BD /* Products */ = {
			isa = PBXGroup;
			children = (
				BCCDAC9128AB7DAC004C41BD /* IntroduceBodyBuilding.app */,
			);
			name = Products;
			sourceTree = "<group>";
		};
		BCCDAC9328AB7DAC004C41BD /* IntroduceBodyBuilding */ = {
			isa = PBXGroup;
			children = (
				BCE9D80328DC0C8000EA5A95 /* Models */,
				BC1BDDCC28E5599700238C60 /* ViewControllers */,
				BCE9D80128DC0C6D00EA5A95 /* ViewModels */,
				BCE9D80228DC0C7B00EA5A95 /* Views */,
				BCCDAC9628AB7DAC004C41BD /* SceneDelegate.swift */,
				BCCDAC9428AB7DAC004C41BD /* AppDelegate.swift */,
				BCCDAC9D28AB7DAD004C41BD /* Assets.xcassets */,
				BC855BF828B79F63005C4870 /* CoreData.xcdatamodeld */,
				BCCDAC9F28AB7DAD004C41BD /* LaunchScreen.storyboard */,
				BCCDACA228AB7DAD004C41BD /* Info.plist */,
				BCCDACAE28AB8233004C41BD /* GoogleService-Info.plist */,
			);
			path = IntroduceBodyBuilding;
			sourceTree = "<group>";
		};
		BCE9D80128DC0C6D00EA5A95 /* ViewModels */ = {
			isa = PBXGroup;
			children = (
				BC9FF496291FD21300426F31 /* FirstExcuteViewModel.swift */,
				BCE9D80428DC0D0E00EA5A95 /* MainTableViewModel.swift */,
				BCC4E05728E2C0680061EAA9 /* DetailViewModel.swift */,
				BC1BDDCF28E55A3000238C60 /* MyProgramViewModel.swift */,
				BC3B72B028ED9BF400C8F40E /* RoutineViewModel.swift */,
				BC07ED5A28F94DCE0064B82A /* RoutineAddViewModel.swift */,
			);
			path = ViewModels;
			sourceTree = "<group>";
		};
		BCE9D80228DC0C7B00EA5A95 /* Views */ = {
			isa = PBXGroup;
			children = (
				BCCDACAA28AB7E35004C41BD /* MainTableViewCell.swift */,
				BCE0480A28EF26DB00F39CCC /* DetailTableViewCell.swift */,
				BC1BDDD128E5A02C00238C60 /* MyProgramViewCell.swift */,
				BC3B72AE28ED995400C8F40E /* RoutineTableViewCell.swift */,
				BC68A58828EC57A100D4C02F /* DropCell.swift */,
				BCCDAC9A28AB7DAC004C41BD /* Main.storyboard */,
				BC68A58928EC57A100D4C02F /* DropCell.xib */,
			);
			path = Views;
			sourceTree = "<group>";
		};
		BCE9D80328DC0C8000EA5A95 /* Models */ = {
			isa = PBXGroup;
			children = (
				BCCDACAB28AB7E35004C41BD /* MainTVCellModel.swift */,
				BCA5B9FA28AFB7AC00F04AFB /* DetailVCModel.swift */,
				BC07ED5828F94C330064B82A /* RoutineVCModel.swift */,
			);
			path = Models;
			sourceTree = "<group>";
		};
/* End PBXGroup section */

/* Begin PBXNativeTarget section */
		BCCDAC9028AB7DAC004C41BD /* IntroduceBodyBuilding */ = {
			isa = PBXNativeTarget;
			buildConfigurationList = BCCDACA528AB7DAD004C41BD /* Build configuration list for PBXNativeTarget "IntroduceBodyBuilding" */;
			buildPhases = (
				B4C77CC5B28B6D76BC55E09B /* [CP] Check Pods Manifest.lock */,
				BCCDAC8D28AB7DAC004C41BD /* Sources */,
				BCCDAC8E28AB7DAC004C41BD /* Frameworks */,
				BCCDAC8F28AB7DAC004C41BD /* Resources */,
				00A03F61A724BB6A3DEF7D3A /* [CP] Embed Pods Frameworks */,
			);
			buildRules = (
			);
			dependencies = (
			);
			name = IntroduceBodyBuilding;
			productName = IntroduceBodyBuilding;
			productReference = BCCDAC9128AB7DAC004C41BD /* IntroduceBodyBuilding.app */;
			productType = "com.apple.product-type.application";
		};
/* End PBXNativeTarget section */

/* Begin PBXProject section */
		BCCDAC8928AB7DAC004C41BD /* Project object */ = {
			isa = PBXProject;
			attributes = {
				BuildIndependentTargetsInParallel = 1;
				LastSwiftUpdateCheck = 1340;
				LastUpgradeCheck = 1340;
				TargetAttributes = {
					BCCDAC9028AB7DAC004C41BD = {
						CreatedOnToolsVersion = 13.4.1;
					};
				};
			};
			buildConfigurationList = BCCDAC8C28AB7DAC004C41BD /* Build configuration list for PBXProject "IntroduceBodyBuilding" */;
			compatibilityVersion = "Xcode 13.0";
			developmentRegion = en;
			hasScannedForEncodings = 0;
			knownRegions = (
				en,
				Base,
			);
			mainGroup = BCCDAC8828AB7DAC004C41BD;
			packageReferences = (
				BCCDACB028AB830B004C41BD /* XCRemoteSwiftPackageReference "firebase-ios-sdk" */,
			);
			productRefGroup = BCCDAC9228AB7DAC004C41BD /* Products */;
			projectDirPath = "";
			projectRoot = "";
			targets = (
				BCCDAC9028AB7DAC004C41BD /* IntroduceBodyBuilding */,
			);
		};
/* End PBXProject section */

/* Begin PBXResourcesBuildPhase section */
		BCCDAC8F28AB7DAC004C41BD /* Resources */ = {
			isa = PBXResourcesBuildPhase;
			buildActionMask = 2147483647;
			files = (
				BCCDACA128AB7DAD004C41BD /* LaunchScreen.storyboard in Resources */,
				BC68A58B28EC57A100D4C02F /* DropCell.xib in Resources */,
				BCCDAC9E28AB7DAD004C41BD /* Assets.xcassets in Resources */,
				BCCDAC9C28AB7DAC004C41BD /* Main.storyboard in Resources */,
				BCCDACAF28AB8233004C41BD /* GoogleService-Info.plist in Resources */,
			);
			runOnlyForDeploymentPostprocessing = 0;
		};
/* End PBXResourcesBuildPhase section */

/* Begin PBXShellScriptBuildPhase section */
		00A03F61A724BB6A3DEF7D3A /* [CP] Embed Pods Frameworks */ = {
			isa = PBXShellScriptBuildPhase;
			buildActionMask = 2147483647;
			files = (
			);
			inputFileListPaths = (
				"${PODS_ROOT}/Target Support Files/Pods-IntroduceBodyBuilding/Pods-IntroduceBodyBuilding-frameworks-${CONFIGURATION}-input-files.xcfilelist",
			);
			name = "[CP] Embed Pods Frameworks";
			outputFileListPaths = (
				"${PODS_ROOT}/Target Support Files/Pods-IntroduceBodyBuilding/Pods-IntroduceBodyBuilding-frameworks-${CONFIGURATION}-output-files.xcfilelist",
			);
			runOnlyForDeploymentPostprocessing = 0;
			shellPath = /bin/sh;
			shellScript = "\"${PODS_ROOT}/Target Support Files/Pods-IntroduceBodyBuilding/Pods-IntroduceBodyBuilding-frameworks.sh\"\n";
			showEnvVarsInLog = 0;
		};
		B4C77CC5B28B6D76BC55E09B /* [CP] Check Pods Manifest.lock */ = {
			isa = PBXShellScriptBuildPhase;
			buildActionMask = 2147483647;
			files = (
			);
			inputFileListPaths = (
			);
			inputPaths = (
				"${PODS_PODFILE_DIR_PATH}/Podfile.lock",
				"${PODS_ROOT}/Manifest.lock",
			);
			name = "[CP] Check Pods Manifest.lock";
			outputFileListPaths = (
			);
			outputPaths = (
				"$(DERIVED_FILE_DIR)/Pods-IntroduceBodyBuilding-checkManifestLockResult.txt",
			);
			runOnlyForDeploymentPostprocessing = 0;
			shellPath = /bin/sh;
			shellScript = "diff \"${PODS_PODFILE_DIR_PATH}/Podfile.lock\" \"${PODS_ROOT}/Manifest.lock\" > /dev/null\nif [ $? != 0 ] ; then\n    # print error to STDERR\n    echo \"error: The sandbox is not in sync with the Podfile.lock. Run 'pod install' or update your CocoaPods installation.\" >&2\n    exit 1\nfi\n# This output is used by Xcode 'outputs' to avoid re-running this script phase.\necho \"SUCCESS\" > \"${SCRIPT_OUTPUT_FILE_0}\"\n";
			showEnvVarsInLog = 0;
		};
/* End PBXShellScriptBuildPhase section */

/* Begin PBXSourcesBuildPhase section */
		BCCDAC8D28AB7DAC004C41BD /* Sources */ = {
			isa = PBXSourcesBuildPhase;
			buildActionMask = 2147483647;
			files = (
				BC07ED5928F94C330064B82A /* RoutineVCModel.swift in Sources */,
				BC123C2728F3269D003AE914 /* WebViewController.swift in Sources */,
				BC855BFA28B79F63005C4870 /* CoreData.xcdatamodeld in Sources */,
				BCE9D80528DC0D0E00EA5A95 /* MainTableViewModel.swift in Sources */,
				BCCDAC9928AB7DAC004C41BD /* MainViewController.swift in Sources */,
				BC9FF497291FD21300426F31 /* FirstExcuteViewModel.swift in Sources */,
				BCCDACAC28AB7E35004C41BD /* MainTableViewCell.swift in Sources */,
				BC3B72AB28ED935E00C8F40E /* RoutineViewController.swift in Sources */,
				BCCDAC9528AB7DAC004C41BD /* AppDelegate.swift in Sources */,
				BCC0C4B5291B9CD70084069A /* HalfModalPresentationController.swift in Sources */,
				BC855C0028B7B754005C4870 /* MyProgramViewController.swift in Sources */,
				BC074A7D28AF9E3700EA3D3D /* DetailViewController.swift in Sources */,
				BCE0480B28EF26DB00F39CCC /* DetailTableViewCell.swift in Sources */,
				BCCDACAD28AB7E35004C41BD /* MainTVCellModel.swift in Sources */,
				BCCDAC9728AB7DAC004C41BD /* SceneDelegate.swift in Sources */,
				BC1BDDD228E5A02C00238C60 /* MyProgramViewCell.swift in Sources */,
				BC68A58A28EC57A100D4C02F /* DropCell.swift in Sources */,
				BC07ED5B28F94DCE0064B82A /* RoutineAddViewModel.swift in Sources */,
				BC1BDDD028E55A3000238C60 /* MyProgramViewModel.swift in Sources */,
				BCC4E05828E2C0680061EAA9 /* DetailViewModel.swift in Sources */,
				BC3B72AF28ED995400C8F40E /* RoutineTableViewCell.swift in Sources */,
				BCA5B9FB28AFB7AC00F04AFB /* DetailVCModel.swift in Sources */,
				BCDC21BC291B619D0002F90B /* FirstExcuteViewController.swift in Sources */,
				BC3B72B128ED9BF400C8F40E /* RoutineViewModel.swift in Sources */,
				BC6A22B528F80AB200D12797 /* RoutineAddViewController.swift in Sources */,
			);
			runOnlyForDeploymentPostprocessing = 0;
		};
/* End PBXSourcesBuildPhase section */

/* Begin PBXVariantGroup section */
		BCCDAC9A28AB7DAC004C41BD /* Main.storyboard */ = {
			isa = PBXVariantGroup;
			children = (
				BCCDAC9B28AB7DAC004C41BD /* Base */,
			);
			name = Main.storyboard;
			sourceTree = "<group>";
		};
		BCCDAC9F28AB7DAD004C41BD /* LaunchScreen.storyboard */ = {
			isa = PBXVariantGroup;
			children = (
				BCCDACA028AB7DAD004C41BD /* Base */,
			);
			name = LaunchScreen.storyboard;
			sourceTree = "<group>";
		};
/* End PBXVariantGroup section */

/* Begin XCBuildConfiguration section */
		BCCDACA328AB7DAD004C41BD /* Debug */ = {
			isa = XCBuildConfiguration;
			buildSettings = {
				ALWAYS_SEARCH_USER_PATHS = NO;
				CLANG_ANALYZER_NONNULL = YES;
				CLANG_ANALYZER_NUMBER_OBJECT_CONVERSION = YES_AGGRESSIVE;
				CLANG_CXX_LANGUAGE_STANDARD = "gnu++17";
				CLANG_ENABLE_MODULES = YES;
				CLANG_ENABLE_OBJC_ARC = YES;
				CLANG_ENABLE_OBJC_WEAK = YES;
				CLANG_WARN_BLOCK_CAPTURE_AUTORELEASING = YES;
				CLANG_WARN_BOOL_CONVERSION = YES;
				CLANG_WARN_COMMA = YES;
				CLANG_WARN_CONSTANT_CONVERSION = YES;
				CLANG_WARN_DEPRECATED_OBJC_IMPLEMENTATIONS = YES;
				CLANG_WARN_DIRECT_OBJC_ISA_USAGE = YES_ERROR;
				CLANG_WARN_DOCUMENTATION_COMMENTS = YES;
				CLANG_WARN_EMPTY_BODY = YES;
				CLANG_WARN_ENUM_CONVERSION = YES;
				CLANG_WARN_INFINITE_RECURSION = YES;
				CLANG_WARN_INT_CONVERSION = YES;
				CLANG_WARN_NON_LITERAL_NULL_CONVERSION = YES;
				CLANG_WARN_OBJC_IMPLICIT_RETAIN_SELF = YES;
				CLANG_WARN_OBJC_LITERAL_CONVERSION = YES;
				CLANG_WARN_OBJC_ROOT_CLASS = YES_ERROR;
				CLANG_WARN_QUOTED_INCLUDE_IN_FRAMEWORK_HEADER = YES;
				CLANG_WARN_RANGE_LOOP_ANALYSIS = YES;
				CLANG_WARN_STRICT_PROTOTYPES = YES;
				CLANG_WARN_SUSPICIOUS_MOVE = YES;
				CLANG_WARN_UNGUARDED_AVAILABILITY = YES_AGGRESSIVE;
				CLANG_WARN_UNREACHABLE_CODE = YES;
				CLANG_WARN__DUPLICATE_METHOD_MATCH = YES;
				COPY_PHASE_STRIP = NO;
				DEBUG_INFORMATION_FORMAT = dwarf;
				ENABLE_STRICT_OBJC_MSGSEND = YES;
				ENABLE_TESTABILITY = YES;
				GCC_C_LANGUAGE_STANDARD = gnu11;
				GCC_DYNAMIC_NO_PIC = NO;
				GCC_NO_COMMON_BLOCKS = YES;
				GCC_OPTIMIZATION_LEVEL = 0;
				GCC_PREPROCESSOR_DEFINITIONS = (
					"DEBUG=1",
					"$(inherited)",
				);
				GCC_WARN_64_TO_32_BIT_CONVERSION = YES;
				GCC_WARN_ABOUT_RETURN_TYPE = YES_ERROR;
				GCC_WARN_UNDECLARED_SELECTOR = YES;
				GCC_WARN_UNINITIALIZED_AUTOS = YES_AGGRESSIVE;
				GCC_WARN_UNUSED_FUNCTION = YES;
				GCC_WARN_UNUSED_VARIABLE = YES;
				IPHONEOS_DEPLOYMENT_TARGET = 13.5;
				MTL_ENABLE_DEBUG_INFO = INCLUDE_SOURCE;
				MTL_FAST_MATH = YES;
				ONLY_ACTIVE_ARCH = YES;
				PRODUCT_NAME = IntroduceBodyBuilding;
				SDKROOT = iphoneos;
				SWIFT_ACTIVE_COMPILATION_CONDITIONS = DEBUG;
				SWIFT_OPTIMIZATION_LEVEL = "-Onone";
			};
			name = Debug;
		};
		BCCDACA428AB7DAD004C41BD /* Release */ = {
			isa = XCBuildConfiguration;
			buildSettings = {
				ALWAYS_SEARCH_USER_PATHS = NO;
				CLANG_ANALYZER_NONNULL = YES;
				CLANG_ANALYZER_NUMBER_OBJECT_CONVERSION = YES_AGGRESSIVE;
				CLANG_CXX_LANGUAGE_STANDARD = "gnu++17";
				CLANG_ENABLE_MODULES = YES;
				CLANG_ENABLE_OBJC_ARC = YES;
				CLANG_ENABLE_OBJC_WEAK = YES;
				CLANG_WARN_BLOCK_CAPTURE_AUTORELEASING = YES;
				CLANG_WARN_BOOL_CONVERSION = YES;
				CLANG_WARN_COMMA = YES;
				CLANG_WARN_CONSTANT_CONVERSION = YES;
				CLANG_WARN_DEPRECATED_OBJC_IMPLEMENTATIONS = YES;
				CLANG_WARN_DIRECT_OBJC_ISA_USAGE = YES_ERROR;
				CLANG_WARN_DOCUMENTATION_COMMENTS = YES;
				CLANG_WARN_EMPTY_BODY = YES;
				CLANG_WARN_ENUM_CONVERSION = YES;
				CLANG_WARN_INFINITE_RECURSION = YES;
				CLANG_WARN_INT_CONVERSION = YES;
				CLANG_WARN_NON_LITERAL_NULL_CONVERSION = YES;
				CLANG_WARN_OBJC_IMPLICIT_RETAIN_SELF = YES;
				CLANG_WARN_OBJC_LITERAL_CONVERSION = YES;
				CLANG_WARN_OBJC_ROOT_CLASS = YES_ERROR;
				CLANG_WARN_QUOTED_INCLUDE_IN_FRAMEWORK_HEADER = YES;
				CLANG_WARN_RANGE_LOOP_ANALYSIS = YES;
				CLANG_WARN_STRICT_PROTOTYPES = YES;
				CLANG_WARN_SUSPICIOUS_MOVE = YES;
				CLANG_WARN_UNGUARDED_AVAILABILITY = YES_AGGRESSIVE;
				CLANG_WARN_UNREACHABLE_CODE = YES;
				CLANG_WARN__DUPLICATE_METHOD_MATCH = YES;
				COPY_PHASE_STRIP = NO;
				DEBUG_INFORMATION_FORMAT = "dwarf-with-dsym";
				ENABLE_NS_ASSERTIONS = NO;
				ENABLE_STRICT_OBJC_MSGSEND = YES;
				GCC_C_LANGUAGE_STANDARD = gnu11;
				GCC_NO_COMMON_BLOCKS = YES;
				GCC_WARN_64_TO_32_BIT_CONVERSION = YES;
				GCC_WARN_ABOUT_RETURN_TYPE = YES_ERROR;
				GCC_WARN_UNDECLARED_SELECTOR = YES;
				GCC_WARN_UNINITIALIZED_AUTOS = YES_AGGRESSIVE;
				GCC_WARN_UNUSED_FUNCTION = YES;
				GCC_WARN_UNUSED_VARIABLE = YES;
				IPHONEOS_DEPLOYMENT_TARGET = 13.5;
				MTL_ENABLE_DEBUG_INFO = NO;
				MTL_FAST_MATH = YES;
				PRODUCT_NAME = IntroduceBodyBuilding;
				SDKROOT = iphoneos;
				SWIFT_COMPILATION_MODE = wholemodule;
				SWIFT_OPTIMIZATION_LEVEL = "-O";
				VALIDATE_PRODUCT = YES;
			};
			name = Release;
		};
		BCCDACA628AB7DAD004C41BD /* Debug */ = {
			isa = XCBuildConfiguration;
			baseConfigurationReference = 0C1735A0AD6E2869DD479472 /* Pods-IntroduceBodyBuilding.debug.xcconfig */;
			buildSettings = {
				ASSETCATALOG_COMPILER_APPICON_NAME = AppIcon;
				ASSETCATALOG_COMPILER_GLOBAL_ACCENT_COLOR_NAME = AccentColor;
				CODE_SIGN_STYLE = Automatic;
				CURRENT_PROJECT_VERSION = 1;
				DEVELOPMENT_TEAM = 475T36V685;
				GENERATE_INFOPLIST_FILE = YES;
				INFOPLIST_FILE = IntroduceBodyBuilding/Info.plist;
				INFOPLIST_KEY_CFBundleDisplayName = "루틴모아";
				INFOPLIST_KEY_LSApplicationCategoryType = "public.app-category.healthcare-fitness";
				INFOPLIST_KEY_UIApplicationSupportsIndirectInputEvents = YES;
				INFOPLIST_KEY_UILaunchStoryboardName = LaunchScreen.storyboard;
				INFOPLIST_KEY_UIMainStoryboardFile = Main;
				INFOPLIST_KEY_UISupportedInterfaceOrientations_iPad = "UIInterfaceOrientationPortrait UIInterfaceOrientationPortraitUpsideDown UIInterfaceOrientationLandscapeLeft UIInterfaceOrientationLandscapeRight";
				INFOPLIST_KEY_UISupportedInterfaceOrientations_iPhone = "UIInterfaceOrientationPortrait UIInterfaceOrientationLandscapeLeft UIInterfaceOrientationLandscapeRight";
				IPHONEOS_DEPLOYMENT_TARGET = 13.5;
				LD_RUNPATH_SEARCH_PATHS = (
					"$(inherited)",
					"@executable_path/Frameworks",
				);
				MARKETING_VERSION = 1.0;
				OTHER_CODE_SIGN_FLAGS = "";
				OTHER_LDFLAGS = (
					"$(inherited)",
					"-ObjC",
					"-l\"c++\"",
					"-l\"sqlite3\"",
					"-l\"z\"",
					"-framework",
					"\"Alamofire\"",
					"-framework",
					"\"CFNetwork\"",
					"-framework",
					"\"CoreTelephony\"",
					"-framework",
					"\"Differentiator\"",
					"-framework",
					"\"DropDown\"",
					"-framework",
					"\"FBLPromises\"",
					"-framework",
					"\"FirebaseCore\"",
					"-framework",
					"\"FirebaseCoreDiagnostics\"",
					"-framework",
					"\"FirebaseCoreInternal\"",
					"-framework",
					"\"FirebaseFirestore\"",
					"-framework",
					"\"FirebaseFirestoreSwift\"",
					"-framework",
					"\"FirebaseInstallations\"",
					"-framework",
					"\"Foundation\"",
					"-framework",
					"\"GoogleAppMeasurement\"",
					"-framework",
					"\"GoogleAppMeasurementIdentitySupport\"",
					"-framework",
					"\"GoogleDataTransport\"",
					"-framework",
					"\"GoogleUtilities\"",
					"-framework",
					"\"RxCocoa\"",
					"-framework",
					"\"RxDataSources\"",
					"-framework",
					"\"RxRelay\"",
					"-framework",
					"\"RxSwift\"",
					"-framework",
					"\"Security\"",
					"-framework",
					"\"SnapKit\"",
					"-framework",
					"\"StoreKit\"",
					"-framework",
					"\"SystemConfiguration\"",
					"-framework",
					"\"UIKit\"",
					"-framework",
					"\"absl\"",
					"-framework",
					"\"grpc\"",
					"-framework",
					"\"grpcpp\"",
					"-framework",
					"\"leveldb\"",
					"-framework",
					"\"nanopb\"",
					"-framework",
					"\"openssl_grpc\"",
					"-framework",
					"\"uv\"",
				);
				"OTHER_LDFLAGS[arch=*]" = (
					"$(inherited)",
					"-ObjC",
					"-l\"c++\"",
					"-l\"sqlite3\"",
					"-l\"z\"",
					"-framework",
					"\"Alamofire\"",
					"-framework",
					"\"CFNetwork\"",
					"-framework",
					"\"CoreTelephony\"",
					"-framework",
					"\"Differentiator\"",
					"-framework",
					"\"DropDown\"",
					"-framework",
					"\"FBLPromises\"",
					"-framework",
					"\"FirebaseAnalytics\"",
					"-framework",
					"\"FirebaseCore\"",
					"-framework",
					"\"FirebaseCoreDiagnostics\"",
					"-framework",
					"\"FirebaseCoreInternal\"",
					"-framework",
					"\"FirebaseFirestore\"",
					"-framework",
					"\"FirebaseFirestoreSwift\"",
					"-framework",
					"\"FirebaseInstallations\"",
					"-framework",
					"\"Foundation\"",
					"-framework",
					"\"GoogleAppMeasurement\"",
					"-framework",
					"\"GoogleAppMeasurementIdentitySupport\"",
					"-framework",
					"\"GoogleDataTransport\"",
					"-framework",
					"\"GoogleUtilities\"",
					"-framework",
					"\"RxCocoa\"",
					"-framework",
					"\"RxDataSources\"",
					"-framework",
					"\"RxRelay\"",
					"-framework",
					"\"RxSwift\"",
					"-framework",
					"\"Security\"",
					"-framework",
					"\"SnapKit\"",
					"-framework",
					"\"StoreKit\"",
					"-framework",
					"\"SystemConfiguration\"",
					"-framework",
					"\"UIKit\"",
					"-framework",
					"\"absl\"",
					"-framework",
					"\"grpc\"",
					"-framework",
					"\"grpcpp\"",
					"-framework",
					"\"leveldb\"",
					"-framework",
					"\"nanopb\"",
					"-framework",
					"\"openssl_grpc\"",
					"-framework",
					"\"uv\"",
				);
				PRODUCT_BUNDLE_IDENTIFIER = kr.xoul.IntroduceBodyBuilding;
				PRODUCT_NAME = "$(TARGET_NAME)";
				SWIFT_EMIT_LOC_STRINGS = YES;
				SWIFT_VERSION = 5.0;
				TARGETED_DEVICE_FAMILY = "1,2";
			};
			name = Debug;
		};
		BCCDACA728AB7DAD004C41BD /* Release */ = {
			isa = XCBuildConfiguration;
			baseConfigurationReference = 6453FDAAD6B5D3D933EF85CE /* Pods-IntroduceBodyBuilding.release.xcconfig */;
			buildSettings = {
				ASSETCATALOG_COMPILER_APPICON_NAME = AppIcon;
				ASSETCATALOG_COMPILER_GLOBAL_ACCENT_COLOR_NAME = AccentColor;
				CODE_SIGN_STYLE = Automatic;
				CURRENT_PROJECT_VERSION = 1;
				DEVELOPMENT_TEAM = 475T36V685;
				GENERATE_INFOPLIST_FILE = YES;
				INFOPLIST_FILE = IntroduceBodyBuilding/Info.plist;
				INFOPLIST_KEY_CFBundleDisplayName = "루틴모아";
				INFOPLIST_KEY_LSApplicationCategoryType = "public.app-category.healthcare-fitness";
				INFOPLIST_KEY_UIApplicationSupportsIndirectInputEvents = YES;
				INFOPLIST_KEY_UILaunchStoryboardName = LaunchScreen.storyboard;
				INFOPLIST_KEY_UIMainStoryboardFile = Main;
				INFOPLIST_KEY_UISupportedInterfaceOrientations_iPad = "UIInterfaceOrientationPortrait UIInterfaceOrientationPortraitUpsideDown UIInterfaceOrientationLandscapeLeft UIInterfaceOrientationLandscapeRight";
				INFOPLIST_KEY_UISupportedInterfaceOrientations_iPhone = "UIInterfaceOrientationPortrait UIInterfaceOrientationLandscapeLeft UIInterfaceOrientationLandscapeRight";
				IPHONEOS_DEPLOYMENT_TARGET = 13.5;
				LD_RUNPATH_SEARCH_PATHS = (
					"$(inherited)",
					"@executable_path/Frameworks",
				);
				MARKETING_VERSION = 1.0;
				OTHER_CODE_SIGN_FLAGS = "";
				PRODUCT_BUNDLE_IDENTIFIER = kr.xoul.IntroduceBodyBuilding;
				PRODUCT_NAME = "$(TARGET_NAME)";
				SWIFT_EMIT_LOC_STRINGS = YES;
				SWIFT_VERSION = 5.0;
				TARGETED_DEVICE_FAMILY = "1,2";
			};
			name = Release;
		};
/* End XCBuildConfiguration section */

/* Begin XCConfigurationList section */
		BCCDAC8C28AB7DAC004C41BD /* Build configuration list for PBXProject "IntroduceBodyBuilding" */ = {
			isa = XCConfigurationList;
			buildConfigurations = (
				BCCDACA328AB7DAD004C41BD /* Debug */,
				BCCDACA428AB7DAD004C41BD /* Release */,
			);
			defaultConfigurationIsVisible = 0;
			defaultConfigurationName = Release;
		};
		BCCDACA528AB7DAD004C41BD /* Build configuration list for PBXNativeTarget "IntroduceBodyBuilding" */ = {
			isa = XCConfigurationList;
			buildConfigurations = (
				BCCDACA628AB7DAD004C41BD /* Debug */,
				BCCDACA728AB7DAD004C41BD /* Release */,
			);
			defaultConfigurationIsVisible = 0;
			defaultConfigurationName = Release;
		};
/* End XCConfigurationList section */

/* Begin XCRemoteSwiftPackageReference section */
		BCCDACB028AB830B004C41BD /* XCRemoteSwiftPackageReference "firebase-ios-sdk" */ = {
			isa = XCRemoteSwiftPackageReference;
			repositoryURL = "https://github.com/firebase/firebase-ios-sdk";
			requirement = {
				branch = master;
				kind = branch;
			};
		};
/* End XCRemoteSwiftPackageReference section */

/* Begin XCVersionGroup section */
		BC855BF828B79F63005C4870 /* CoreData.xcdatamodeld */ = {
			isa = XCVersionGroup;
			children = (
				BC855BF928B79F63005C4870 /* CoreData.xcdatamodel */,
			);
			currentVersion = BC855BF928B79F63005C4870 /* CoreData.xcdatamodel */;
			path = CoreData.xcdatamodeld;
			sourceTree = "<group>";
			versionGroupType = wrapper.xcdatamodel;
		};
/* End XCVersionGroup section */
	};
	rootObject = BCCDAC8928AB7DAC004C41BD /* Project object */;
}
